
Microsoft Visual Studio Solution File, Format Version 12.00
# Visual Studio Version 16
VisualStudioVersion = 16.0.31410.357
MinimumVisualStudioVersion = 10.0.40219.1
Project("{8BC9CEB8-8B4A-11D0-8D11-00A0C91BC942}") = "DoubleLinkedList", "..\DoubleLinkedList\DoubleLinkedList\DoubleLinkedList.vcxproj", "{A68250BD-7FE0-44C2-AD5F-F49F256F9C2A}"
EndProject
Project("{8BC9CEB8-8B4A-11D0-8D11-00A0C91BC942}") = "Test", "Test\Test\Test.vcxproj", "{9D9F3EA6-D45A-4850-90E4-439077C6BA1A}"
EndProject
Global
	GlobalSection(SolutionConfigurationPlatforms) = preSolution
		Debug|x64 = Debug|x64
		Debug|x86 = Debug|x86
		Release|x64 = Release|x64
		Release|x86 = Release|x86
	EndGlobalSection
	GlobalSection(ProjectConfigurationPlatforms) = postSolution
		{A68250BD-7FE0-44C2-AD5F-F49F256F9C2A}.Debug|x64.ActiveCfg = Debug|x64
		{A68250BD-7FE0-44C2-AD5F-F49F256F9C2A}.Debug|x64.Build.0 = Debug|x64
		{A68250BD-7FE0-44C2-AD5F-F49F256F9C2A}.Debug|x86.ActiveCfg = Debug|Win32
		{A68250BD-7FE0-44C2-AD5F-F49F256F9C2A}.Debug|x86.Build.0 = Debug|Win32
		{A68250BD-7FE0-44C2-AD5F-F49F256F9C2A}.Release|x64.ActiveCfg = Release|x64
		{A68250BD-7FE0-44C2-AD5F-F49F256F9C2A}.Release|x64.Build.0 = Release|x64
		{A68250BD-7FE0-44C2-AD5F-F49F256F9C2A}.Release|x86.ActiveCfg = Release|Win32
		{A68250BD-7FE0-44C2-AD5F-F49F256F9C2A}.Release|x86.Build.0 = Release|Win32
		{9D9F3EA6-D45A-4850-90E4-439077C6BA1A}.Debug|x64.ActiveCfg = Debug|x64
		{9D9F3EA6-D45A-4850-90E4-439077C6BA1A}.Debug|x64.Build.0 = Debug|x64
		{9D9F3EA6-D45A-4850-90E4-439077C6BA1A}.Debug|x86.ActiveCfg = Debug|Win32
		{9D9F3EA6-D45A-4850-90E4-439077C6BA1A}.Debug|x86.Build.0 = Debug|Win32
		{9D9F3EA6-D45A-4850-90E4-439077C6BA1A}.Release|x64.ActiveCfg = Release|x64
		{9D9F3EA6-D45A-4850-90E4-439077C6BA1A}.Release|x64.Build.0 = Release|x64
		{9D9F3EA6-D45A-4850-90E4-439077C6BA1A}.Release|x86.ActiveCfg = Release|Win32
		{9D9F3EA6-D45A-4850-90E4-439077C6BA1A}.Release|x86.Build.0 = Release|Win32
	EndGlobalSection
	GlobalSection(SolutionProperties) = preSolution
		HideSolutionNode = FALSE
	EndGlobalSection
	GlobalSection(ExtensibilityGlobals) = postSolution
		SolutionGuid = {DE458C45-2F13-4B6E-B01D-EB0EA1C5C0E7}
	EndGlobalSection
EndGlobal
